
Microsoft Visual Studio Solution File, Format Version 11.00
# Visual Studio 2010
Project("{FAE04EC0-301F-11D3-BF4B-00C04F79EFBC}") = "Unity Tutorial", "Assembly-CSharp.csproj", "{4AC1A402-2D3C-27AD-6868-A7AAA8DC9828}"
EndProject
Global
	GlobalSection(SolutionConfigurationPlatforms) = preSolution
		Debug|Any CPU = Debug|Any CPU
		Release|Any CPU = Release|Any CPU
	EndGlobalSection
	GlobalSection(ProjectConfigurationPlatforms) = postSolution
		{4AC1A402-2D3C-27AD-6868-A7AAA8DC9828}.Debug|Any CPU.ActiveCfg = Debug|Any CPU
		{4AC1A402-2D3C-27AD-6868-A7AAA8DC9828}.Debug|Any CPU.Build.0 = Debug|Any CPU
		{4AC1A402-2D3C-27AD-6868-A7AAA8DC9828}.Release|Any CPU.ActiveCfg = Release|Any CPU
		{4AC1A402-2D3C-27AD-6868-A7AAA8DC9828}.Release|Any CPU.Build.0 = Release|Any CPU
	EndGlobalSection
	GlobalSection(SolutionProperties) = preSolution
		HideSolutionNode = FALSE
	EndGlobalSection
	GlobalSection(MonoDevelopProperties) = preSolution
		StartupItem = Assembly-CSharp.csproj
	EndGlobalSection
EndGlobal
